
Microsoft Visual Studio Solution File, Format Version 12.00
# Visual Studio Version 17
VisualStudioVersion = 17.7.34009.444
MinimumVisualStudioVersion = 10.0.40219.1
Project("{FAE04EC0-301F-11D3-BF4B-00C04F79EFBC}") = "prjAjaxDemo", "prjAjaxDemo\prjAjaxDemo.csproj", "{EB9FF23C-8FB9-4E83-84FE-E691C85FFACA}"
EndProject
Global
	GlobalSection(SolutionConfigurationPlatforms) = preSolution
		Debug|Any CPU = Debug|Any CPU
		Release|Any CPU = Release|Any CPU
	EndGlobalSection
	GlobalSection(ProjectConfigurationPlatforms) = postSolution
		{EB9FF23C-8FB9-4E83-84FE-E691C85FFACA}.Debug|Any CPU.ActiveCfg = Debug|Any CPU
		{EB9FF23C-8FB9-4E83-84FE-E691C85FFACA}.Debug|Any CPU.Build.0 = Debug|Any CPU
		{EB9FF23C-8FB9-4E83-84FE-E691C85FFACA}.Release|Any CPU.ActiveCfg = Release|Any CPU
		{EB9FF23C-8FB9-4E83-84FE-E691C85FFACA}.Release|Any CPU.Build.0 = Release|Any CPU
	EndGlobalSection
	GlobalSection(SolutionProperties) = preSolution
		HideSolutionNode = FALSE
	EndGlobalSection
	GlobalSection(ExtensibilityGlobals) = postSolution
		SolutionGuid = {56B436BC-99E3-4D1F-A283-E6CAE713A018}
	EndGlobalSection
EndGlobal
